{
    "name": "ionic-cordova-oauth",
    "version": "0.0.9",
    "lockfileVersion": 1,
    "requires": true,
    "dependencies": {
        "@ionic-native/core": {
            "version": "5.6.0",
            "resolved": "https://registry.npmjs.org/@ionic-native/core/-/core-5.6.0.tgz",
            "integrity": "sha512-TLjKKdhzldwd5wk3es+tZqtLhSoYR+o1e7BBkfEW6Ky890kSTkuhBf4aswbMa9626/oI+BUjRV6A5zrNcExtEg==",
            "requires": {
                "@types/cordova": "^0.0.34"
            }
        },
        "@ionic-native/safari-view-controller": {
            "version": "5.6.0",
            "resolved": "https://registry.npmjs.org/@ionic-native/safari-view-controller/-/safari-view-controller-5.6.0.tgz",
            "integrity": "sha512-+wzNQHzTKW32foJXKvIPqhC9LUpEZQwRxtr7q+5O2NoxiN3mlNDRCmtjPFGno0DLitHgEzxSJQ4QuUeM8gwfeA==",
            "requires": {
                "@types/cordova": "^0.0.34"
            }
        },
        "@types/cordova": {
            "version": "0.0.34",
            "resolved": "https://registry.npmjs.org/@types/cordova/-/cordova-0.0.34.tgz",
            "integrity": "sha1-6nrd907Ow9dimCegw54smt3HPQQ="
        },
        "rxjs": {
            "version": "6.5.2",
            "resolved": "https://registry.npmjs.org/rxjs/-/rxjs-6.5.2.tgz",
            "integrity": "sha512-HUb7j3kvb7p7eCUHE3FqjoDsC1xfZQ4AHFWfTKSpZ+sAhhz5X1WX0ZuUqWbzB2QhSLp3DoLUG+hMdEDKqWo2Zg==",
            "requires": {
                "tslib": "^1.9.0"
            }
        },
        "tslib": {
            "version": "1.9.3",
            "resolved": "https://registry.npmjs.org/tslib/-/tslib-1.9.3.tgz",
            "integrity": "sha512-4krF8scpejhaOgqzBEcGM7yDIEfi0/8+8zDRZhNZZ2kjmHJ4hv3zCbQWxoJGz1iw5U0Jl0nma13xzHXcncMavQ=="
        },
        "typescript": {
            "version": "2.8.3",
            "resolved": "https://registry.npmjs.org/typescript/-/typescript-2.8.3.tgz",
            "integrity": "sha512-K7g15Bb6Ra4lKf7Iq2l/I5/En+hLIHmxWZGq3D4DIRNFxMNV6j2SHSvDOqs2tGd4UvD/fJvrwopzQXjLrT7Itw==",
            "dev": true
        }
    }
}
